<?xml version="1.0" encoding="utf-8"?>
<Project ToolsVersion="4.0" xmlns="http://schemas.microsoft.com/developer/msbuild/2003">
  <ItemGroup>
    <Filter Include="ImGUI">
      <UniqueIdentifier>{e6ee5e8d-4d4a-400b-a0df-8cf173e60aa6}</UniqueIdentifier>
    </Filter>
    <Filter Include="GUI">
      <UniqueIdentifier>{96e51ace-2e46-4c80-8c70-a3f77137becd}</UniqueIdentifier>
    </Filter>
  </ItemGroup>
  <ItemGroup>
    <ClInclude Include="..\ImGUI\imconfig.h">
      <Filter>ImGUI</Filter>
    </ClInclude>
    <ClInclude Include="..\ImGUI\imgui.h">
      <Filter>ImGUI</Filter>
    </ClInclude>
    <ClInclude Include="..\ImGUI\imgui_internal.h">
      <Filter>ImGUI</Filter>
    </ClInclude>
    <ClInclude Include="..\ImGUI\imstb_rectpack.h">
      <Filter>ImGUI</Filter>
    </ClInclude>
    <ClInclude Include="..\ImGUI\imstb_textedit.h">
      <Filter>ImGUI</Filter>
    </ClInclude>
    <ClInclude Include="..\ImGUI\imstb_truetype.h">
      <Filter>ImGUI</Filter>
    </ClInclude>
    <ClInclude Include="..\Backend\imgui_impl_win32.h">
      <Filter>ImGUI</Filter>
    </ClInclude>
    <ClInclude Include="GUI\font.h">
      <Filter>GUI</Filter>
    </ClInclude>
    <ClInclude Include="GUI\gui.h">
      <Filter>GUI</Filter>
    </ClInclude>
    <ClInclude Include="..\Backend\imgui_impl_dx11.h">
      <Filter>ImGUI</Filter>
    </ClInclude>
    <ClInclude Include="..\ImGUI\imgui_freetype.h">
      <Filter>ImGUI</Filter>
    </ClInclude>
    <ClInclude Include="GUI\image.hpp">
      <Filter>GUI</Filter>
    </ClInclude>
    <ClInclude Include="GUI\fonts.h">
      <Filter>GUI</Filter>
    </ClInclude>
    <ClInclude Include="GUI\unicodes.hpp">
      <Filter>GUI</Filter>
    </ClInclude>
    <ClInclude Include="GUI\colorpicker.h">
      <Filter>GUI</Filter>
    </ClInclude>
    <ClInclude Include="GUI\search.hpp">
      <Filter>GUI</Filter>
    </ClInclude>
    <ClInclude Include="GUI\notifications.hpp">
      <Filter>GUI</Filter>
    </ClInclude>
  </ItemGroup>
  <ItemGroup>
    <ClCompile Include="..\ImGUI\imgui.cpp">
      <Filter>ImGUI</Filter>
    </ClCompile>
    <ClCompile Include="..\ImGUI\imgui_draw.cpp">
      <Filter>ImGUI</Filter>
    </ClCompile>
    <ClCompile Include="..\ImGUI\imgui_widgets.cpp">
      <Filter>ImGUI</Filter>
    </ClCompile>
    <ClCompile Include="..\Backend\imgui_impl_win32.cpp">
      <Filter>ImGUI</Filter>
    </ClCompile>
    <ClCompile Include="main.cpp">
      <Filter>GUI</Filter>
    </ClCompile>
    <ClCompile Include="GUI\gui.cpp">
      <Filter>GUI</Filter>
    </ClCompile>
    <ClCompile Include="..\Backend\imgui_impl_dx11.cpp">
      <Filter>ImGUI</Filter>
    </ClCompile>
    <ClCompile Include="..\ImGUI\imgui_freetype.cpp">
      <Filter>ImGUI</Filter>
    </ClCompile>
    <ClCompile Include="..\ImGUI\imgui_tables.cpp">
      <Filter>ImGUI</Filter>
    </ClCompile>
    <ClCompile Include="GUI\colorpicker.cpp">
      <Filter>GUI</Filter>
    </ClCompile>
  </ItemGroup>
</Project>